version: 7
platforms:
- name: linux-64
  virtual-packages:
  - __unix=0=0
  - __linux=4.18
  - __glibc=2.28
  - __archspec=0=x86_64
environments:
  default:
    channels:
    - url: https://conda.anaconda.org/conda-forge/
    indexes:
    - https://pypi.org/simple
    packages:
      linux-64:
      - conda: https://conda.anaconda.org/conda-forge/linux-64/_openmp_mutex-4.5-20_gnu.conda
      - conda: https://conda.anaconda.org/conda-forge/linux-64/bzip2-1.0.8-hda65f42_10.conda
      - conda: https://conda.anaconda.org/conda-forge/linux-64/icu-78.3-py310h44b86e0_2.conda
      - conda: https://conda.anaconda.org/conda-forge/linux-64/ld_impl_linux-64-2.46.1-default_hbd61a6d_102.conda
      - conda: https://conda.anaconda.org/conda-forge/linux-64/libexpat-2.8.1-hecca717_1.conda
      - conda: https://conda.anaconda.org/conda-forge/linux-64/libffi-3.7.0-h3435931_0.conda
      - conda: https://conda.anaconda.org/conda-forge/linux-64/libgcc-14.4.0-hecc6394_1.conda
      - conda: https://conda.anaconda.org/conda-forge/linux-64/libgomp-14.4.0-he0feb66_1.conda
      - conda: https://conda.anaconda.org/conda-forge/linux-64/liblzma-5.8.3-hb03c661_1.conda
      - conda: https://conda.anaconda.org/conda-forge/linux-64/libmpdec-4.0.0-hb03c661_2.conda
      - conda: https://conda.anaconda.org/conda-forge/linux-64/libsqlite-3.53.4-hf4e2dac_0.conda
      - conda: https://conda.anaconda.org/conda-forge/linux-64/libstdcxx-14.4.0-h934c35e_1.conda
      - conda: https://conda.anaconda.org/conda-forge/linux-64/libstdcxx-ng-14.4.0-hdf11a46_1.conda
      - conda: https://conda.anaconda.org/conda-forge/linux-64/libuuid-2.42.2-h5347b49_0.conda
      - conda: https://conda.anaconda.org/conda-forge/linux-64/libzlib-1.3.2-h25fd6f3_3.conda
      - conda: https://conda.anaconda.org/conda-forge/linux-64/ncurses-6.6-hdb14827_1.conda
      - conda: https://conda.anaconda.org/conda-forge/linux-64/openssl-3.5.7-h35e630c_1.conda
      - conda: https://conda.anaconda.org/conda-forge/linux-64/python-3.14.6-h242f9ac_102_cp314.conda
      - conda: https://conda.anaconda.org/conda-forge/linux-64/readline-8.3-h853b02a_0.conda
      - conda: https://conda.anaconda.org/conda-forge/linux-64/tk-8.6.13-noxft_hd70dff1_3.conda
      - conda: https://conda.anaconda.org/conda-forge/linux-64/uv-0.12.3-h2112641_0.conda
      - conda: https://conda.anaconda.org/conda-forge/linux-64/zstd-1.5.7-hb78ec9c_7.conda
      - conda: https://conda.anaconda.org/conda-forge/noarch/ca-certificates-2026.7.22-hbd8a1cb_0.conda
      - conda: https://conda.anaconda.org/conda-forge/noarch/python_abi-3.14-8_cp314.conda
      - conda: https://conda.anaconda.org/conda-forge/noarch/tzdata-2026c-h151e31d_0.conda
      - pypi: https://files.pythonhosted.org/packages/75/eb/e50b8e701496fef4da59dadfe617aaa0395e5d51a1f6281926da00ca5a46/pycolmap-4.1.1-cp314-cp314-manylinux_2_28_x86_64.whl
      - pypi: https://files.pythonhosted.org/packages/c7/99/461bd36dbdfac6c1c53efa370bd55a83227542d0d118f1677dbf1a3dacd5/numpy-2.5.2-cp314-cp314-manylinux_2_27_x86_64.manylinux_2_28_x86_64.whl
packages:
- conda: https://conda.anaconda.org/conda-forge/linux-64/_openmp_mutex-4.5-20_gnu.conda
  build_number: 20
  sha256: 1dd3fffd892081df9726d7eb7e0dea6198962ba775bd88842135a4ddb4deb3c9
  md5: a9f577daf3de00bca7c3c76c0ecbd1de
  depends:
  - __glibc >=2.17,<3.0.a0
  - libgomp >=7.5.0
  constrains:
  - openmp_impl <0.0a0
  license: BSD-3-Clause
  license_family: BSD
  purls: []
  run_exports:
    strong:
    - _openmp_mutex >=4.5
  size: 28948
  timestamp: 1770939786096
- conda: https://conda.anaconda.org/conda-forge/linux-64/bzip2-1.0.8-hda65f42_10.conda
  sha256: 1a0d382c515ebf55f8ee1f38c8b81bc95af5c2acc42ad53b66bc5df932032f96
  md5: e675fabcf81499adc7edf58124fb1e01
  depends:
  - __glibc >=2.17,<3.0.a0
  - libgcc >=14
  license: bzip2-1.0.6
  license_family: BSD
  purls: []
  run_exports:
    weak:
    - bzip2 >=1.0.8,<2.0a0
  size: 257808
  timestamp: 1785906269155
- conda: https://conda.anaconda.org/conda-forge/linux-64/icu-78.3-py310h44b86e0_2.conda
  sha256: 9f07834f0c546ab14d885ce0366285f61f44e326c0edd1fc63b8294e113ae432
  md5: 72a381cbad04f24b1c2a43ef707f45b4
  depends:
  - __glibc >=2.17,<3.0.a0
  - libstdcxx >=14
  - libgcc >=14
  license: MIT
  license_family: MIT
  purls: []
  run_exports:
    weak:
    - icu >=78.3,<79.0a0
  size: 14459115
  timestamp: 1786545741408
- conda: https://conda.anaconda.org/conda-forge/linux-64/ld_impl_linux-64-2.46.1-default_hbd61a6d_102.conda
  sha256: 27d83f1188cd19bcb7754a078b3fa7f4cfb8527f8eb2fde54dd01fc529d1adec
  md5: 449500f2c089da11c40f5c21312e3e07
  depends:
  - __glibc >=2.17,<3.0.a0
  - zstd >=1.5.7,<1.6.0a0
  constrains:
  - binutils_impl_linux-64 2.46.1
  license: GPL-3.0-only
  license_family: GPL
  purls: []
  run_exports: {}
  size: 745303
  timestamp: 1784214507189
- conda: https://conda.anaconda.org/conda-forge/linux-64/libexpat-2.8.1-hecca717_1.conda
  sha256: 16feffd9ddbbe5b718515d38ee376c685ba95491cd901244e24671d20b952a77
  md5: b24d3c612f71e7aa74158d92106318b2
  depends:
  - __glibc >=2.17,<3.0.a0
  - libgcc >=14
  constrains:
  - expat 2.8.1.*
  license: MIT
  license_family: MIT
  purls: []
  run_exports: {}
  size: 77856
  timestamp: 1781203599810
- conda: https://conda.anaconda.org/conda-forge/linux-64/libffi-3.7.0-h3435931_0.conda
  sha256: ac38603008bf1e99b8ed379b1a656a67a70e2841f2b6a069c630cdf6316012d2
  md5: 0abe40a9880086ca4d2e5daf09dceff9
  depends:
  - __glibc >=2.17,<3.0.a0
  - libgcc >=14
  license: MIT
  license_family: MIT
  purls: []
  run_exports:
    weak:
    - libffi >=3.7.0,<3.8.0a0
  size: 67576
  timestamp: 1783520858222
- conda: https://conda.anaconda.org/conda-forge/linux-64/libgcc-14.4.0-hecc6394_1.conda
  sha256: a6c3f239e9d7a38dc164295ffd786f9f1acab20dd704eec87ea652fb142b4de6
  md5: 37a29eceb6a38ae78d3b0b012a54c0e4
  depends:
  - __glibc >=2.17,<3.0.a0
  - _openmp_mutex >=4.5
  constrains:
  - libgomp 14.4.0 he0feb66_1
  - libgcc-ng ==14.4.0=*_1
  license: GPL-3.0-only WITH GCC-exception-3.1
  license_family: GPL
  purls: []
  run_exports: {}
  size: 1039797
  timestamp: 1785374520529
- conda: https://conda.anaconda.org/conda-forge/linux-64/libgomp-14.4.0-he0feb66_1.conda
  sha256: b549c27d97f2647f32ee421b5f0e0a9c2a5ef6ca6738efbef6fad07a841f613c
  md5: 336eed78120f4e97dff3a8f556f95bc6
  depends:
  - __glibc >=2.17,<3.0.a0
  license: GPL-3.0-only WITH GCC-exception-3.1
  license_family: GPL
  purls: []
  run_exports:
    strong:
    - _openmp_mutex >=4.5
  size: 590725
  timestamp: 1785374465971
- conda: https://conda.anaconda.org/conda-forge/linux-64/liblzma-5.8.3-hb03c661_1.conda
  sha256: 9787df8c22a59c9a70d3e5a10db9ad663485e75e9ccc3f09bd092cb7b95e0dab
  md5: 1390b7c5ac0b1d8e447bc5efa6d3c8c2
  depends:
  - __glibc >=2.17,<3.0.a0
  - libgcc >=14
  constrains:
  - xz 5.8.3.*
  license: 0BSD
  purls: []
  run_exports:
    weak:
    - liblzma >=5.8.3,<6.0a0
  size: 112995
  timestamp: 1786348617826
- conda: https://conda.anaconda.org/conda-forge/linux-64/libmpdec-4.0.0-hb03c661_2.conda
  sha256: 46820b4a835e175940ae20bec00fdddaff804cda27a1408ab1b95e77a2196437
  md5: fcfed1dc5053eb1901b66e7b1fc32588
  depends:
  - __glibc >=2.17,<3.0.a0
  - libgcc >=14
  license: BSD-2-Clause
  license_family: BSD
  purls: []
  run_exports: {}
  size: 92759
  timestamp: 1786650399772
- conda: https://conda.anaconda.org/conda-forge/linux-64/libsqlite-3.53.4-hf4e2dac_0.conda
  sha256: 72023efc207fe681e26b65fc9d668062cf0b4f0eacf3431e6eb099b95c1f2efd
  md5: df088a279cd5e6fd2790b4c196434da1
  depends:
  - __glibc >=2.17,<3.0.a0
  - icu >=78.3,<79.0a0
  - libgcc >=14
  - libzlib >=1.3.2,<2.0a0
  license: blessing
  purls: []
  run_exports:
    weak:
    - libsqlite >=3.53.4,<4.0a0
  size: 964200
  timestamp: 1785016112246
- conda: https://conda.anaconda.org/conda-forge/linux-64/libstdcxx-14.4.0-h934c35e_1.conda
  sha256: 2f21b38ef83f969c9806e9fda93d85dca84cbd294ce4b32984189ccd3d2ec03a
  md5: d9cc6bd15ca5751651333c1336103a83
  depends:
  - __glibc >=2.17,<3.0.a0
  - libgcc 14.4.0 hecc6394_1
  constrains:
  - libstdcxx-ng ==14.4.0=*_1
  license: GPL-3.0-only WITH GCC-exception-3.1
  license_family: GPL
  purls: []
  run_exports: {}
  size: 5747176
  timestamp: 1785374542726
- conda: https://conda.anaconda.org/conda-forge/linux-64/libstdcxx-ng-14.4.0-hdf11a46_1.conda
  sha256: fee48a6c870e7f93bc9e25d6fbccc012f842b5c45fc1bf1e99d1a9232c75a8a8
  md5: cd455ca500f27958d61880666a601aba
  depends:
  - libstdcxx 14.4.0 h934c35e_1
  license: GPL-3.0-only WITH GCC-exception-3.1
  license_family: GPL
  purls: []
  run_exports:
    strong:
    - libstdcxx
  size: 28254
  timestamp: 1785374575923
- conda: https://conda.anaconda.org/conda-forge/linux-64/libuuid-2.42.2-h5347b49_0.conda
  sha256: 9b1bdce27a7e31f7d241aeecff67a1f3101d52a2b1e33ccc2cdf2613072bf81f
  md5: 01bb81d12c957de066ea7362007df642
  depends:
  - libgcc >=14
  - __glibc >=2.17,<3.0.a0
  license: BSD-3-Clause
  license_family: BSD
  purls: []
  run_exports:
    weak:
    - libuuid >=2.42.2,<3.0a0
  size: 40017
  timestamp: 1781625522462
- conda: https://conda.anaconda.org/conda-forge/linux-64/libzlib-1.3.2-h25fd6f3_3.conda
  sha256: eb8a0db0aa570124f7d2a93d7c7f596e3390df5e047818d873baad32985fc736
  md5: 0de0122d9570a8ab637c6b73db268389
  depends:
  - __glibc >=2.17,<3.0.a0
  constrains:
  - zlib 1.3.2 *_3
  license: Zlib
  license_family: Other
  purls: []
  run_exports:
    weak:
    - libzlib >=1.3.2,<2.0a0
  size: 63713
  timestamp: 1785362952714
- conda: https://conda.anaconda.org/conda-forge/linux-64/ncurses-6.6-hdb14827_1.conda
  sha256: 5d46557214ed184381dafe835b7c94a474a1c3b307a08a250b1ea4779b44ffb3
  md5: ee6c0cd80a60961a1f48aa3e0b91f986
  depends:
  - __glibc >=2.17,<3.0.a0
  - libgcc >=14
  license: X11 AND BSD-3-Clause
  purls: []
  run_exports:
    weak:
    - ncurses >=6.6,<7.0a0
  size: 911196
  timestamp: 1786355078102
- conda: https://conda.anaconda.org/conda-forge/linux-64/openssl-3.5.7-h35e630c_1.conda
  sha256: 551ecca5ffa64061314c6d6c0c70a373ccf074ff562b0f9f110754642a824630
  md5: 3aa75e050776011ebaa743d121c36013
  depends:
  - __glibc >=2.17,<3.0.a0
  - ca-certificates
  - libgcc >=14
  license: Apache-2.0
  license_family: Apache
  purls: []
  run_exports:
    weak:
    - openssl >=3.5.7,<4.0a0
  size: 3135216
  timestamp: 1785913703169
- conda: https://conda.anaconda.org/conda-forge/linux-64/python-3.14.6-h242f9ac_102_cp314.conda
  build_number: 102
  sha256: f5ff5c1fac471dfed4fc4288856a63eb9d771e6042d9f70420d75b9f488400d8
  md5: 9b6c336ef7195fbee1c10c09bfcf901b
  depends:
  - __glibc >=2.17,<3.0.a0
  - bzip2 >=1.0.8,<2.0a0
  - ld_impl_linux-64 >=2.36.1
  - libexpat >=2.8.1,<3.0a0
  - libffi >=3.7.0,<3.8.0a0
  - libgcc >=14
  - liblzma >=5.8.3,<6.0a0
  - libmpdec >=4.0.0,<5.0a0
  - libsqlite >=3.53.4,<4.0a0
  - libuuid >=2.42.2,<3.0a0
  - libzlib >=1.3.2,<2.0a0
  - ncurses >=6.6,<7.0a0
  - openssl >=3.5.7,<4.0a0
  - python_abi 3.14.* *_cp314
  - readline >=8.3,<9.0a0
  - tk >=8.6.13,<8.7.0a0
  - tzdata
  - zstd >=1.5.7,<1.6.0a0
  license: Python-2.0
  purls: []
  run_exports:
    weak:
    - python_abi 3.14.* *_cp314
    noarch:
    - python
  size: 36866750
  timestamp: 1786444737142
  python_site_packages_path: lib/python3.14/site-packages
- conda: https://conda.anaconda.org/conda-forge/linux-64/readline-8.3-h853b02a_0.conda
  sha256: 12ffde5a6f958e285aa22c191ca01bbd3d6e710aa852e00618fa6ddc59149002
  md5: d7d95fc8287ea7bf33e0e7116d2b95ec
  depends:
  - __glibc >=2.17,<3.0.a0
  - libgcc >=14
  - ncurses >=6.5,<7.0a0
  license: GPL-3.0-only
  license_family: GPL
  purls: []
  run_exports:
    weak:
    - readline >=8.3,<9.0a0
  size: 345073
  timestamp: 1765813471974
- conda: https://conda.anaconda.org/conda-forge/linux-64/tk-8.6.13-noxft_hd70dff1_3.conda
  build_number: 103
  sha256: 43624eab22f5f29df7d6ffe914cf442f28fd559b55b290906255492826e636e8
  md5: 48a1049e710857572fc2a832aa394d9f
  depends:
  - __glibc >=2.17,<3.0.a0
  - libgcc >=14
  - libzlib >=1.3.2,<2.0a0
  constrains:
  - xorg-libx11 >=1.8.13,<2.0a0
  license: TCL
  purls: []
  run_exports:
    weak:
    - tk >=8.6.13,<8.7.0a0
  size: 3550916
  timestamp: 1784229071544
- conda: https://conda.anaconda.org/conda-forge/linux-64/uv-0.12.3-h2112641_0.conda
  sha256: 410c17d08b085439e9d486c9e5624a198740a219f6e7fbb4535517d7a5d545f2
  md5: ef6d859ca085e06f3d03cfb7d887a9a1
  depends:
  - libstdcxx >=14
  - libgcc >=14
  - __glibc >=2.17,<3.0.a0
  constrains:
  - __glibc >=2.17
  license: Apache-2.0 OR MIT
  purls: []
  run_exports: {}
  size: 17302794
  timestamp: 1786154823284
- conda: https://conda.anaconda.org/conda-forge/linux-64/zstd-1.5.7-hb78ec9c_7.conda
  sha256: 47d682b9f6d6ec9eb1a6e6c3e75ea6273e899e78fb7fc59f81d39745009fbc60
  md5: aa459086047c0e5e27023ab19f8cb86a
  depends:
  - __glibc >=2.17,<3.0.a0
  - libzlib >=1.3.2,<2.0a0
  license: BSD-3-Clause
  license_family: BSD
  purls: []
  run_exports:
    weak:
    - zstd >=1.5.7,<1.6.0a0
  size: 601301
  timestamp: 1786599621503
- conda: https://conda.anaconda.org/conda-forge/noarch/ca-certificates-2026.7.22-hbd8a1cb_0.conda
  sha256: 0a0544cf95f64394fe4959286f5c71f5444ad58feb0602e53becb27448d24da6
  md5: 0f51e2391ade309db462a55611263e9c
  depends:
  - __unix
  license: ISC
  purls: []
  run_exports: {}
  size: 131780
  timestamp: 1784754889428
- conda: https://conda.anaconda.org/conda-forge/noarch/python_abi-3.14-8_cp314.conda
  build_number: 8
  sha256: ad6d2e9ac39751cc0529dd1566a26751a0bf2542adb0c232533d32e176e21db5
  md5: 0539938c55b6b1a59b560e843ad864a4
  constrains:
  - python 3.14.* *_cp314
  license: BSD-3-Clause
  license_family: BSD
  purls: []
  run_exports: {}
  size: 6989
  timestamp: 1752805904792
- conda: https://conda.anaconda.org/conda-forge/noarch/tzdata-2026c-h151e31d_0.conda
  sha256: b928c30ddcb0e3f544c6eade8352737e6e610e263276b90232db6a578ef899d8
  md5: fcb489df604d100968b737f2cb6076c6
  license: LicenseRef-Public-Domain
  purls: []
  run_exports: {}
  size: 118849
  timestamp: 1784250406640
- pypi: https://files.pythonhosted.org/packages/75/eb/e50b8e701496fef4da59dadfe617aaa0395e5d51a1f6281926da00ca5a46/pycolmap-4.1.1-cp314-cp314-manylinux_2_28_x86_64.whl
  name: pycolmap
  version: 4.1.1
  sha256: 8a902b3cb64191d4dd9122b89da9f4a17779e07f18f9815727f4f59eaf90641d
  requires_dist:
  - numpy
  requires_python: '>=3.10'
- pypi: https://files.pythonhosted.org/packages/c7/99/461bd36dbdfac6c1c53efa370bd55a83227542d0d118f1677dbf1a3dacd5/numpy-2.5.2-cp314-cp314-manylinux_2_27_x86_64.manylinux_2_28_x86_64.whl
  name: numpy
  version: 2.5.2
  sha256: 318b9a4c845dbea06708a29c84ee429cc3065048db34cdb799047643492050ee
  requires_python: '>=3.12'
